
Microsoft Visual Studio Solution File, Format Version 12.00
# Visual Studio 15
Project("{FAE04EC0-301F-11D3-BF4B-00C04F79EFBC}") = "day01", "day01\day01.csproj", "{BF92BB7C-B221-47F1-8269-D9A3C674EABA}"
EndProject
Global
	GlobalSection(SolutionConfigurationPlatforms) = preSolution
		Debug|anycpu = Debug|anycpu
		Release|anycpu = Release|anycpu
	EndGlobalSection
	GlobalSection(ProjectConfigurationPlatforms) = postSolution
		{BF92BB7C-B221-47F1-8269-D9A3C674EABA}.Debug|anycpu.ActiveCfg = Debug|anycpu
		{BF92BB7C-B221-47F1-8269-D9A3C674EABA}.Debug|anycpu.Build.0 = Debug|anycpu
		{BF92BB7C-B221-47F1-8269-D9A3C674EABA}.Release|anycpu.ActiveCfg = Release|anycpu
		{BF92BB7C-B221-47F1-8269-D9A3C674EABA}.Release|anycpu.Build.0 = Release|anycpu
	EndGlobalSection
EndGlobal
